# THIS IS AN AUTOGENERATED FILE. DO NOT EDIT THIS FILE DIRECTLY.
# yarn lockfile v1


"@openzeppelin/contracts@^3.1.0":
  version "3.1.0"
  resolved "https://registry.yarnpkg.com/@openzeppelin/contracts/-/contracts-3.1.0.tgz#bcea457ef89069fbe5a617f50b25b6a8272895d5"
  integrity sha512-dVXDnUKxrAKLzPdCRkz+N8qsVkK1XxJ6kk3zuI6zaQmcKxN7CkizoDP7lXxcs/Mi2I0mxceTRjJBqlzFffLJrQ==

"@solidity-parser/parser@^0.8.1":
  version "0.8.1"
  resolved "https://registry.yarnpkg.com/@solidity-parser/parser/-/parser-0.8.1.tgz#1b606578af86b9ad10755409804a6ba83f9ce8a4"
  integrity sha512-DF7H6T8I4lo2IZOE2NZwt3631T8j1gjpQLjmvY2xBNK50c4ltslR4XPKwT6RkeSd4+xCAK0GHC/k7sbRDBE4Yw==

"@uniswap/lib@1.1.1":
  version "1.1.1"
  resolved "https://registry.yarnpkg.com/@uniswap/lib/-/lib-1.1.1.tgz#0afd29601846c16e5d082866cbb24a9e0758e6bc"
  integrity sha512-2yK7sLpKIT91TiS5sewHtOa7YuM8IuBXVl4GZv2jZFys4D2sY7K5vZh6MqD25TPA95Od+0YzCVq6cTF2IKrOmg==

"@uniswap/v2-core@1.0.0":
  version "1.0.0"
  resolved "https://registry.yarnpkg.com/@uniswap/v2-core/-/v2-core-1.0.0.tgz#e0fab91a7d53e8cafb5326ae4ca18351116b0844"
  integrity sha512-BJiXrBGnN8mti7saW49MXwxDBRFiWemGetE58q8zgfnPPzQKq55ADltEILqOt6VFZ22kVeVKbF8gVd8aY3l7pA==

"@uniswap/v2-core@^1.0.1":
  version "1.0.1"
  resolved "https://registry.yarnpkg.com/@uniswap/v2-core/-/v2-core-1.0.1.tgz#af8f508bf183204779938969e2e54043e147d425"
  integrity sha512-MtybtkUPSyysqLY2U210NBDeCHX+ltHt3oADGdjqoThZaFRDKwM6k1Nb3F0A3hk5hwuQvytFWhrWHOEq6nVJ8Q==

"@uniswap/v2-periphery@^1.1.0-beta.0":
  version "1.1.0-beta.0"
  resolved "https://registry.yarnpkg.com/@uniswap/v2-periphery/-/v2-periphery-1.1.0-beta.0.tgz#20a4ccfca22f1a45402303aedb5717b6918ebe6d"
  integrity sha512-6dkwAMKza8nzqYiXEr2D86dgW3TTavUvCR0w2Tu33bAbM8Ah43LKAzH7oKKPRT5VJQaMi1jtkGs1E8JPor1n5g==
  dependencies:
    "@uniswap/lib" "1.1.1"
    "@uniswap/v2-core" "1.0.0"

ansi-regex@^5.0.0:
  version "5.0.0"
  resolved "https://registry.yarnpkg.com/ansi-regex/-/ansi-regex-5.0.0.tgz#388539f55179bf39339c81af30a654d69f87cb75"
  integrity sha512-bY6fj56OUQ0hU1KjFNDQuJFezqKdrAyFdIevADiqrWHwSlbmBNMHp5ak2f40Pm8JTFyM2mqxkG6ngkHO11f/lg==

dir-to-object@^2.0.0:
  version "2.0.0"
  resolved "https://registry.yarnpkg.com/dir-to-object/-/dir-to-object-2.0.0.tgz#29723e9bd1c3e58e4f307bd04ff634c0370c8f8a"
  integrity sha512-sXs0JKIhymON7T1UZuO2Ud6VTNAx/VTBXIl4+3mjb2RgfOpt+hectX0x04YqPOPdkeOAKoJuKqwqnXXURNPNEA==

emoji-regex@^8.0.0:
  version "8.0.0"
  resolved "https://registry.yarnpkg.com/emoji-regex/-/emoji-regex-8.0.0.tgz#e818fd69ce5ccfcb404594f842963bf53164cc37"
  integrity sha512-MSjYzcWNOA0ewAHpz0MxpYFvwg6yjy1NG3xteoqz644VCo/RPgnr1/GGt+ic3iJTzQ8Eu3TdM14SawnVUmGE6A==

emoji-regex@^9.0.0:
  version "9.0.0"
  resolved "https://registry.yarnpkg.com/emoji-regex/-/emoji-regex-9.0.0.tgz#48a2309cc8a1d2e9d23bc6a67c39b63032e76ea4"
  integrity sha512-6p1NII1Vm62wni/VR/cUMauVQoxmLVb9csqQlvLz+hO2gk8U2UYDfXHQSUYIBKmZwAKz867IDqG7B+u0mj+M6w==

escape-string-regexp@^4.0.0:
  version "4.0.0"
  resolved "https://registry.yarnpkg.com/escape-string-regexp/-/escape-string-regexp-4.0.0.tgz#14ba83a5d373e3d311e5afca29cf5bfad965bf34"
  integrity sha512-TtpcNJ3XAzx3Gq8sWRzJaVajRs0uVxA2YAkdb1jm2YkPz4G6egUFAyA3n5vtEIZefPk5Wa4UXbKuS5fKkJWdgA==

esprima-extract-comments@^1.1.0:
  version "1.1.0"
  resolved "https://registry.yarnpkg.com/esprima-extract-comments/-/esprima-extract-comments-1.1.0.tgz#0dacab567a5900240de6d344cf18c33617becbc9"
  integrity sha512-sBQUnvJwpeE9QnPrxh7dpI/dp67erYG4WXEAreAMoelPRpMR7NWb4YtwRPn9b+H1uLQKl/qS8WYmyaljTpjIsw==
  dependencies:
    esprima "^4.0.0"

esprima@^4.0.0:
  version "4.0.1"
  resolved "https://registry.yarnpkg.com/esprima/-/esprima-4.0.1.tgz#13b04cdb3e6c5d19df91ab6987a8695619b0aa71"
  integrity sha512-eGuFFw7Upda+g4p+QHvnW0RyTX/SVeJBDM/gCtMARO0cLuT2HcEKnTPvhjV6aGeqrCB/sbNop0Kszm0jsaWU4A==

extract-comments@^1.1.0:
  version "1.1.0"
  resolved "https://registry.yarnpkg.com/extract-comments/-/extract-comments-1.1.0.tgz#b90bca033a056bd69b8ba1c6b6b120fc2ee95c18"
  integrity sha512-dzbZV2AdSSVW/4E7Ti5hZdHWbA+Z80RJsJhr5uiL10oyjl/gy7/o+HI1HwK4/WSZhlq4SNKU3oUzXlM13Qx02Q==
  dependencies:
    esprima-extract-comments "^1.1.0"
    parse-code-context "^1.0.0"

is-fullwidth-code-point@^3.0.0:
  version "3.0.0"
  resolved "https://registry.yarnpkg.com/is-fullwidth-code-point/-/is-fullwidth-code-point-3.0.0.tgz#f116f8064fe90b3f7844a38997c0b75051269f1d"
  integrity sha512-zymm5+u+sCsSWyD9qNaejV3DFvhCKclKdizYaJUuHA83RLjb7nSuGnddCHGv0hk+KY7BMAlsWeK4Ueg6EV6XQg==

parse-code-context@^1.0.0:
  version "1.0.0"
  resolved "https://registry.yarnpkg.com/parse-code-context/-/parse-code-context-1.0.0.tgz#718c295c593d0d19a37f898473268cc75e98de1e"
  integrity sha512-OZQaqKaQnR21iqhlnPfVisFjBWjhnMl5J9MgbP8xC+EwoVqbXrq78lp+9Zb3ahmLzrIX5Us/qbvBnaS3hkH6OA==

prettier-plugin-solidity@^1.0.0-alpha.58:
  version "1.0.0-alpha.58"
  resolved "https://registry.yarnpkg.com/prettier-plugin-solidity/-/prettier-plugin-solidity-1.0.0-alpha.58.tgz#87e44b21bd9bd6ad4b28b1ac62ccdce59fb82fe3"
  integrity sha512-G2xj98uEtfTcSc4qZcQ+MLwibpDNhBmOJk9ezTJ7uQLtTMGP1X9PqRnRlJW/vxbStPw/TVvnYD5rXwd1KZbTsg==
  dependencies:
    "@solidity-parser/parser" "^0.8.1"
    dir-to-object "^2.0.0"
    emoji-regex "^9.0.0"
    escape-string-regexp "^4.0.0"
    extract-comments "^1.1.0"
    prettier "^2.0.5"
    semver "^7.3.2"
    string-width "^4.2.0"

prettier@^2.0.5, prettier@^2.1.1:
  version "2.1.1"
  resolved "https://registry.yarnpkg.com/prettier/-/prettier-2.1.1.tgz#d9485dd5e499daa6cb547023b87a6cf51bee37d6"
  integrity sha512-9bY+5ZWCfqj3ghYBLxApy2zf6m+NJo5GzmLTpr9FsApsfjriNnS2dahWReHMi7qNPhhHl9SYHJs2cHZLgexNIw==

semver@^7.3.2:
  version "7.3.2"
  resolved "https://registry.yarnpkg.com/semver/-/semver-7.3.2.tgz#604962b052b81ed0786aae84389ffba70ffd3938"
  integrity sha512-OrOb32TeeambH6UrhtShmF7CRDqhL6/5XpPNp2DuRH6+9QLw/orhp72j87v8Qa1ScDkvrrBNpZcDejAirJmfXQ==

string-width@^4.2.0:
  version "4.2.0"
  resolved "https://registry.yarnpkg.com/string-width/-/string-width-4.2.0.tgz#952182c46cc7b2c313d1596e623992bd163b72b5"
  integrity sha512-zUz5JD+tgqtuDjMhwIg5uFVV3dtqZ9yQJlZVfq4I01/K5Paj5UHj7VyrQOJvzawSVlKpObApbfD0Ed6yJc+1eg==
  dependencies:
    emoji-regex "^8.0.0"
    is-fullwidth-code-point "^3.0.0"
    strip-ansi "^6.0.0"

strip-ansi@^6.0.0:
  version "6.0.0"
  resolved "https://registry.yarnpkg.com/strip-ansi/-/strip-ansi-6.0.0.tgz#0b1571dd7669ccd4f3e06e14ef1eed26225ae532"
  integrity sha512-AuvKTrTfQNYNIctbR1K/YGTR1756GycPsg7b9bdV9Duqur4gv6aKqHXah67Z8ImS7WEz5QVcOtlfW2rZEugt6w==
  dependencies:
    ansi-regex "^5.0.0"
